
Microsoft Visual Studio Solution File, Format Version 12.00
# Visual Studio Version 17
VisualStudioVersion = 17.9.34728.123
MinimumVisualStudioVersion = 10.0.40219.1
Project("{FAE04EC0-301F-11D3-BF4B-00C04F79EFBC}") = "MethodPractice", "MethodPractice\MethodPractice.csproj", "{0ABF7967-A382-4598-B8A8-55F1B192B181}"
EndProject
Global
	GlobalSection(SolutionConfigurationPlatforms) = preSolution
		Debug|Any CPU = Debug|Any CPU
		Release|Any CPU = Release|Any CPU
	EndGlobalSection
	GlobalSection(ProjectConfigurationPlatforms) = postSolution
		{0ABF7967-A382-4598-B8A8-55F1B192B181}.Debug|Any CPU.ActiveCfg = Debug|Any CPU
		{0ABF7967-A382-4598-B8A8-55F1B192B181}.Debug|Any CPU.Build.0 = Debug|Any CPU
		{0ABF7967-A382-4598-B8A8-55F1B192B181}.Release|Any CPU.ActiveCfg = Release|Any CPU
		{0ABF7967-A382-4598-B8A8-55F1B192B181}.Release|Any CPU.Build.0 = Release|Any CPU
	EndGlobalSection
	GlobalSection(SolutionProperties) = preSolution
		HideSolutionNode = FALSE
	EndGlobalSection
	GlobalSection(ExtensibilityGlobals) = postSolution
		SolutionGuid = {874EDEF4-59D7-476F-9222-6A74F64177BD}
	EndGlobalSection
EndGlobal
